<?xml version="1.0" encoding="utf-8"?>
<Project ToolsVersion="4.0" xmlns="http://schemas.microsoft.com/developer/msbuild/2003">
  <ItemGroup>
    <Filter Include="Archivos de origen">
      <UniqueIdentifier>{4FC737F1-C7A5-4376-A066-2A32D752A2FF}</UniqueIdentifier>
      <Extensions>cpp;c;cc;cxx;c++;def;odl;idl;hpj;bat;asm;asmx</Extensions>
    </Filter>
    <Filter Include="Archivos de encabezado">
      <UniqueIdentifier>{93995380-89BD-4b04-88EB-625FBE52EBFB}</UniqueIdentifier>
      <Extensions>h;hh;hpp;hxx;h++;hm;inl;inc;ipp;xsd</Extensions>
    </Filter>
    <Filter Include="Archivos de recursos">
      <UniqueIdentifier>{67DA6AB6-F800-4c08-8B7A-83BB121AAD01}</UniqueIdentifier>
      <Extensions>rc;ico;cur;bmp;dlg;rc2;rct;bin;rgs;gif;jpg;jpeg;jpe;resx;tiff;tif;png;wav;mfcribbon-ms</Extensions>
    </Filter>
    <Filter Include="Archivos de recursos\Application">
      <UniqueIdentifier>{a7684f40-9cc1-4923-b6b8-d8a6cf57defb}</UniqueIdentifier>
    </Filter>
    <Filter Include="Archivos de recursos\Modules">
      <UniqueIdentifier>{f4cd2b65-1ffe-4a1c-b269-93e0d8b7fae1}</UniqueIdentifier>
    </Filter>
    <Filter Include="Archivos de recursos\Modules\Core">
      <UniqueIdentifier>{3d678e43-fce2-4074-b0c8-3e687d15e532}</UniqueIdentifier>
    </Filter>
    <Filter Include="Archivos de recursos\Modules\Gameplay">
      <UniqueIdentifier>{cf114969-343b-4d87-8eac-f03286d577ec}</UniqueIdentifier>
    </Filter>
    <Filter Include="Archivos de recursos\Utils">
      <UniqueIdentifier>{3b1eb773-5d4e-4819-96e6-6511e0b723b3}</UniqueIdentifier>
    </Filter>
    <Filter Include="Archivos de recursos\Entities">
      <UniqueIdentifier>{da2edcc5-570d-4bc0-aab9-0d78170eee11}</UniqueIdentifier>
    </Filter>
  </ItemGroup>
  <ItemGroup>
    <ClInclude Include="Source\Application.h">
      <Filter>Archivos de recursos\Application</Filter>
    </ClInclude>
    <ClInclude Include="Source\Globals.h">
      <Filter>Archivos de recursos\Application</Filter>
    </ClInclude>
    <ClInclude Include="Source\MemoryLeaks.h">
      <Filter>Archivos de recursos\Application</Filter>
    </ClInclude>
    <ClInclude Include="Source\Module.h">
      <Filter>Archivos de recursos\Modules</Filter>
    </ClInclude>
    <ClInclude Include="Source\ModuleWindow.h">
      <Filter>Archivos de recursos\Modules\Core</Filter>
    </ClInclude>
    <ClInclude Include="Source\ModuleInput.h">
      <Filter>Archivos de recursos\Modules\Core</Filter>
    </ClInclude>
    <ClInclude Include="Source\ModuleTextures.h">
      <Filter>Archivos de recursos\Modules\Core</Filter>
    </ClInclude>
    <ClInclude Include="Source\ModuleAudio.h">
      <Filter>Archivos de recursos\Modules\Core</Filter>
    </ClInclude>
    <ClInclude Include="Source\ModuleRender.h">
      <Filter>Archivos de recursos\Modules\Core</Filter>
    </ClInclude>
    <ClInclude Include="Source\Scene1.h">
      <Filter>Archivos de recursos\Modules\Gameplay</Filter>
    </ClInclude>
    <ClInclude Include="Source\Animation.h">
      <Filter>Archivos de recursos\Utils</Filter>
    </ClInclude>
    <ClInclude Include="Source\Tileset.h">
      <Filter>Archivos de recursos\Utils</Filter>
    </ClInclude>
    <ClInclude Include="Source\ModuleTileset.h">
      <Filter>Archivos de recursos\Modules\Core</Filter>
    </ClInclude>
    <ClInclude Include="Source\p2Point.h">
      <Filter>Archivos de recursos\Utils</Filter>
    </ClInclude>
    <ClInclude Include="Source\ModulePlayer.h">
      <Filter>Archivos de recursos\Modules\Gameplay</Filter>
    </ClInclude>
    <ClInclude Include="Source\ModuleCollisions.h">
      <Filter>Archivos de recursos\Modules\Core</Filter>
    </ClInclude>
    <ClInclude Include="Source\Collider.h">
      <Filter>Archivos de recursos\Utils</Filter>
    </ClInclude>
    <ClInclude Include="Source\ModuleFonts.h">
      <Filter>Archivos de recursos\Modules\Core</Filter>
    </ClInclude>
    <ClInclude Include="Source\ModuleFadeToBlack.h">
      <Filter>Archivos de recursos\Modules\Core</Filter>
    </ClInclude>
    <ClInclude Include="Source\SceneIntro.h">
      <Filter>Archivos de recursos\Modules\Gameplay</Filter>
    </ClInclude>
  </ItemGroup>
  <ItemGroup>
    <ClCompile Include="Source\Globals.cpp">
      <Filter>Archivos de recursos\Application</Filter>
    </ClCompile>
    <ClCompile Include="Source\Application.cpp">
      <Filter>Archivos de recursos\Application</Filter>
    </ClCompile>
    <ClCompile Include="Source\Main.cpp">
      <Filter>Archivos de recursos\Application</Filter>
    </ClCompile>
    <ClCompile Include="Source\Module.cpp">
      <Filter>Archivos de recursos\Modules</Filter>
    </ClCompile>
    <ClCompile Include="Source\ModuleWindow.cpp">
      <Filter>Archivos de recursos\Modules\Core</Filter>
    </ClCompile>
    <ClCompile Include="Source\ModuleInput.cpp">
      <Filter>Archivos de recursos\Modules\Core</Filter>
    </ClCompile>
    <ClCompile Include="Source\ModuleTextures.cpp">
      <Filter>Archivos de recursos\Modules\Core</Filter>
    </ClCompile>
    <ClCompile Include="Source\ModuleAudio.cpp">
      <Filter>Archivos de recursos\Modules\Core</Filter>
    </ClCompile>
    <ClCompile Include="Source\ModuleRender.cpp">
      <Filter>Archivos de recursos\Modules\Core</Filter>
    </ClCompile>
    <ClCompile Include="Source\Scene1.cpp">
      <Filter>Archivos de recursos\Modules\Gameplay</Filter>
    </ClCompile>
    <ClCompile Include="Source\ModuleTileset.cpp">
      <Filter>Archivos de recursos\Modules\Core</Filter>
    </ClCompile>
    <ClCompile Include="Source\ModulePlayer.cpp">
      <Filter>Archivos de recursos\Modules\Gameplay</Filter>
    </ClCompile>
    <ClCompile Include="Source\Collider.cpp">
      <Filter>Archivos de recursos\Utils</Filter>
    </ClCompile>
    <ClCompile Include="Source\ModuleFonts.cpp">
      <Filter>Archivos de recursos\Modules\Core</Filter>
    </ClCompile>
    <ClCompile Include="Source\ModuleFadeToBlack.cpp">
      <Filter>Archivos de recursos\Modules\Core</Filter>
    </ClCompile>
    <ClCompile Include="Source\ModuleCollisions.cpp">
      <Filter>Archivos de recursos\Modules\Core</Filter>
    </ClCompile>
    <ClCompile Include="Source\SceneIntro.cpp">
      <Filter>Archivos de recursos\Modules\Gameplay</Filter>
    </ClCompile>
  </ItemGroup>
</Project>